
Microsoft Visual Studio Solution File, Format Version 12.00
# Visual Studio 15
VisualStudioVersion = 15.0.27130.2024
MinimumVisualStudioVersion = 10.0.40219.1
Project("{FAE04EC0-301F-11D3-BF4B-00C04F79EFBC}") = "ZCH", "Checker\ZCH.csproj", "{7081247A-6B15-41C2-A179-753714036692}"
EndProject
Project("{FAE04EC0-301F-11D3-BF4B-00C04F79EFBC}") = "AutoSetup", "AutoSetup\AutoSetup.csproj", "{1DC69027-B0D3-40B0-8CDF-5FE76F414A4E}"
	ProjectSection(ProjectDependencies) = postProject
		{7081247A-6B15-41C2-A179-753714036692} = {7081247A-6B15-41C2-A179-753714036692}
		{CE66F1C9-EE1C-465D-9B12-091B35C94726} = {CE66F1C9-EE1C-465D-9B12-091B35C94726}
	EndProjectSection
EndProject
Project("{FAE04EC0-301F-11D3-BF4B-00C04F79EFBC}") = "Mobile Remote", "Mobile Remote\Mobile Remote.csproj", "{D2330654-A5C4-4F37-9EA3-2CD5B036F71B}"
EndProject
Project("{FAE04EC0-301F-11D3-BF4B-00C04F79EFBC}") = "Sender", "Sender\Sender.csproj", "{71D54D0F-014F-44B9-9848-73B202CBE648}"
EndProject
Project("{FAE04EC0-301F-11D3-BF4B-00C04F79EFBC}") = "Classes", "Classes\Classes.csproj", "{011117DA-DA25-41BE-8141-8F185D90B5F9}"
EndProject
Project("{2150E333-8FDC-42A3-9474-1A3956D46DE8}") = "Reciver", "Reciver", "{D089E031-F701-445C-B963-0D2099FEF897}"
EndProject
Project("{2150E333-8FDC-42A3-9474-1A3956D46DE8}") = "Shared", "Shared", "{A4B4813E-DE50-41F0-AF3C-CBAF9E94549F}"
EndProject
Project("{2150E333-8FDC-42A3-9474-1A3956D46DE8}") = "Send", "Send", "{0D612E3F-495B-4581-89C7-52902D5E33A4}"
EndProject
Project("{FAE04EC0-301F-11D3-BF4B-00C04F79EFBC}") = "Remote Sender", "Remote Sender\Remote Sender.csproj", "{8D2BCA36-6974-45BB-AE4A-032AFE27E7AC}"
EndProject
Project("{FAE04EC0-301F-11D3-BF4B-00C04F79EFBC}") = "Remote Reciver", "Remote Reciver\Remote Reciver.csproj", "{CE66F1C9-EE1C-465D-9B12-091B35C94726}"
EndProject
Global
	GlobalSection(SolutionConfigurationPlatforms) = preSolution
		Ad-Hoc|Any CPU = Ad-Hoc|Any CPU
		Ad-Hoc|ARM = Ad-Hoc|ARM
		Ad-Hoc|iPhone = Ad-Hoc|iPhone
		Ad-Hoc|iPhoneSimulator = Ad-Hoc|iPhoneSimulator
		Ad-Hoc|x64 = Ad-Hoc|x64
		Ad-Hoc|x86 = Ad-Hoc|x86
		AppStore|Any CPU = AppStore|Any CPU
		AppStore|ARM = AppStore|ARM
		AppStore|iPhone = AppStore|iPhone
		AppStore|iPhoneSimulator = AppStore|iPhoneSimulator
		AppStore|x64 = AppStore|x64
		AppStore|x86 = AppStore|x86
		Debug|Any CPU = Debug|Any CPU
		Debug|ARM = Debug|ARM
		Debug|iPhone = Debug|iPhone
		Debug|iPhoneSimulator = Debug|iPhoneSimulator
		Debug|x64 = Debug|x64
		Debug|x86 = Debug|x86
		Final|Any CPU = Final|Any CPU
		Final|ARM = Final|ARM
		Final|iPhone = Final|iPhone
		Final|iPhoneSimulator = Final|iPhoneSimulator
		Final|x64 = Final|x64
		Final|x86 = Final|x86
		Release|Any CPU = Release|Any CPU
		Release|ARM = Release|ARM
		Release|iPhone = Release|iPhone
		Release|iPhoneSimulator = Release|iPhoneSimulator
		Release|x64 = Release|x64
		Release|x86 = Release|x86
	EndGlobalSection
	GlobalSection(ProjectConfigurationPlatforms) = postSolution
		{7081247A-6B15-41C2-A179-753714036692}.Ad-Hoc|Any CPU.ActiveCfg = USB|Any CPU
		{7081247A-6B15-41C2-A179-753714036692}.Ad-Hoc|Any CPU.Build.0 = USB|Any CPU
		{7081247A-6B15-41C2-A179-753714036692}.Ad-Hoc|ARM.ActiveCfg = USB|Any CPU
		{7081247A-6B15-41C2-A179-753714036692}.Ad-Hoc|ARM.Build.0 = USB|Any CPU
		{7081247A-6B15-41C2-A179-753714036692}.Ad-Hoc|iPhone.ActiveCfg = USB|Any CPU
		{7081247A-6B15-41C2-A179-753714036692}.Ad-Hoc|iPhone.Build.0 = USB|Any CPU
		{7081247A-6B15-41C2-A179-753714036692}.Ad-Hoc|iPhoneSimulator.ActiveCfg = USB|Any CPU
		{7081247A-6B15-41C2-A179-753714036692}.Ad-Hoc|iPhoneSimulator.Build.0 = USB|Any CPU
		{7081247A-6B15-41C2-A179-753714036692}.Ad-Hoc|x64.ActiveCfg = USB|Any CPU
		{7081247A-6B15-41C2-A179-753714036692}.Ad-Hoc|x64.Build.0 = USB|Any CPU
		{7081247A-6B15-41C2-A179-753714036692}.Ad-Hoc|x86.ActiveCfg = USB|Any CPU
		{7081247A-6B15-41C2-A179-753714036692}.Ad-Hoc|x86.Build.0 = USB|Any CPU
		{7081247A-6B15-41C2-A179-753714036692}.AppStore|Any CPU.ActiveCfg = USB|Any CPU
		{7081247A-6B15-41C2-A179-753714036692}.AppStore|Any CPU.Build.0 = USB|Any CPU
		{7081247A-6B15-41C2-A179-753714036692}.AppStore|ARM.ActiveCfg = USB|Any CPU
		{7081247A-6B15-41C2-A179-753714036692}.AppStore|ARM.Build.0 = USB|Any CPU
		{7081247A-6B15-41C2-A179-753714036692}.AppStore|iPhone.ActiveCfg = USB|Any CPU
		{7081247A-6B15-41C2-A179-753714036692}.AppStore|iPhone.Build.0 = USB|Any CPU
		{7081247A-6B15-41C2-A179-753714036692}.AppStore|iPhoneSimulator.ActiveCfg = USB|Any CPU
		{7081247A-6B15-41C2-A179-753714036692}.AppStore|iPhoneSimulator.Build.0 = USB|Any CPU
		{7081247A-6B15-41C2-A179-753714036692}.AppStore|x64.ActiveCfg = USB|Any CPU
		{7081247A-6B15-41C2-A179-753714036692}.AppStore|x64.Build.0 = USB|Any CPU
		{7081247A-6B15-41C2-A179-753714036692}.AppStore|x86.ActiveCfg = USB|Any CPU
		{7081247A-6B15-41C2-A179-753714036692}.AppStore|x86.Build.0 = USB|Any CPU
		{7081247A-6B15-41C2-A179-753714036692}.Debug|Any CPU.ActiveCfg = Debug|Any CPU
		{7081247A-6B15-41C2-A179-753714036692}.Debug|Any CPU.Build.0 = Debug|Any CPU
		{7081247A-6B15-41C2-A179-753714036692}.Debug|ARM.ActiveCfg = Debug|Any CPU
		{7081247A-6B15-41C2-A179-753714036692}.Debug|ARM.Build.0 = Debug|Any CPU
		{7081247A-6B15-41C2-A179-753714036692}.Debug|iPhone.ActiveCfg = Debug|Any CPU
		{7081247A-6B15-41C2-A179-753714036692}.Debug|iPhone.Build.0 = Debug|Any CPU
		{7081247A-6B15-41C2-A179-753714036692}.Debug|iPhoneSimulator.ActiveCfg = Debug|Any CPU
		{7081247A-6B15-41C2-A179-753714036692}.Debug|iPhoneSimulator.Build.0 = Debug|Any CPU
		{7081247A-6B15-41C2-A179-753714036692}.Debug|x64.ActiveCfg = Debug|Any CPU
		{7081247A-6B15-41C2-A179-753714036692}.Debug|x64.Build.0 = Debug|Any CPU
		{7081247A-6B15-41C2-A179-753714036692}.Debug|x86.ActiveCfg = Debug|Any CPU
		{7081247A-6B15-41C2-A179-753714036692}.Debug|x86.Build.0 = Debug|Any CPU
		{7081247A-6B15-41C2-A179-753714036692}.Final|Any CPU.ActiveCfg = USB|Any CPU
		{7081247A-6B15-41C2-A179-753714036692}.Final|Any CPU.Build.0 = USB|Any CPU
		{7081247A-6B15-41C2-A179-753714036692}.Final|ARM.ActiveCfg = USB|Any CPU
		{7081247A-6B15-41C2-A179-753714036692}.Final|ARM.Build.0 = USB|Any CPU
		{7081247A-6B15-41C2-A179-753714036692}.Final|iPhone.ActiveCfg = USB|Any CPU
		{7081247A-6B15-41C2-A179-753714036692}.Final|iPhone.Build.0 = USB|Any CPU
		{7081247A-6B15-41C2-A179-753714036692}.Final|iPhoneSimulator.ActiveCfg = USB|Any CPU
		{7081247A-6B15-41C2-A179-753714036692}.Final|iPhoneSimulator.Build.0 = USB|Any CPU
		{7081247A-6B15-41C2-A179-753714036692}.Final|x64.ActiveCfg = USB|Any CPU
		{7081247A-6B15-41C2-A179-753714036692}.Final|x64.Build.0 = USB|Any CPU
		{7081247A-6B15-41C2-A179-753714036692}.Final|x86.ActiveCfg = USB|Any CPU
		{7081247A-6B15-41C2-A179-753714036692}.Final|x86.Build.0 = USB|Any CPU
		{7081247A-6B15-41C2-A179-753714036692}.Release|Any CPU.ActiveCfg = Release|Any CPU
		{7081247A-6B15-41C2-A179-753714036692}.Release|Any CPU.Build.0 = Release|Any CPU
		{7081247A-6B15-41C2-A179-753714036692}.Release|ARM.ActiveCfg = Release|Any CPU
		{7081247A-6B15-41C2-A179-753714036692}.Release|ARM.Build.0 = Release|Any CPU
		{7081247A-6B15-41C2-A179-753714036692}.Release|iPhone.ActiveCfg = Release|Any CPU
		{7081247A-6B15-41C2-A179-753714036692}.Release|iPhone.Build.0 = Release|Any CPU
		{7081247A-6B15-41C2-A179-753714036692}.Release|iPhoneSimulator.ActiveCfg = Release|Any CPU
		{7081247A-6B15-41C2-A179-753714036692}.Release|iPhoneSimulator.Build.0 = Release|Any CPU
		{7081247A-6B15-41C2-A179-753714036692}.Release|x64.ActiveCfg = Release|Any CPU
		{7081247A-6B15-41C2-A179-753714036692}.Release|x64.Build.0 = Release|Any CPU
		{7081247A-6B15-41C2-A179-753714036692}.Release|x86.ActiveCfg = Release|Any CPU
		{7081247A-6B15-41C2-A179-753714036692}.Release|x86.Build.0 = Release|Any CPU
		{1DC69027-B0D3-40B0-8CDF-5FE76F414A4E}.Ad-Hoc|Any CPU.ActiveCfg = USB|Any CPU
		{1DC69027-B0D3-40B0-8CDF-5FE76F414A4E}.Ad-Hoc|Any CPU.Build.0 = USB|Any CPU
		{1DC69027-B0D3-40B0-8CDF-5FE76F414A4E}.Ad-Hoc|ARM.ActiveCfg = USB|Any CPU
		{1DC69027-B0D3-40B0-8CDF-5FE76F414A4E}.Ad-Hoc|ARM.Build.0 = USB|Any CPU
		{1DC69027-B0D3-40B0-8CDF-5FE76F414A4E}.Ad-Hoc|iPhone.ActiveCfg = USB|Any CPU
		{1DC69027-B0D3-40B0-8CDF-5FE76F414A4E}.Ad-Hoc|iPhone.Build.0 = USB|Any CPU
		{1DC69027-B0D3-40B0-8CDF-5FE76F414A4E}.Ad-Hoc|iPhoneSimulator.ActiveCfg = USB|Any CPU
		{1DC69027-B0D3-40B0-8CDF-5FE76F414A4E}.Ad-Hoc|iPhoneSimulator.Build.0 = USB|Any CPU
		{1DC69027-B0D3-40B0-8CDF-5FE76F414A4E}.Ad-Hoc|x64.ActiveCfg = USB|Any CPU
		{1DC69027-B0D3-40B0-8CDF-5FE76F414A4E}.Ad-Hoc|x64.Build.0 = USB|Any CPU
		{1DC69027-B0D3-40B0-8CDF-5FE76F414A4E}.Ad-Hoc|x86.ActiveCfg = USB|Any CPU
		{1DC69027-B0D3-40B0-8CDF-5FE76F414A4E}.Ad-Hoc|x86.Build.0 = USB|Any CPU
		{1DC69027-B0D3-40B0-8CDF-5FE76F414A4E}.AppStore|Any CPU.ActiveCfg = USB|Any CPU
		{1DC69027-B0D3-40B0-8CDF-5FE76F414A4E}.AppStore|Any CPU.Build.0 = USB|Any CPU
		{1DC69027-B0D3-40B0-8CDF-5FE76F414A4E}.AppStore|ARM.ActiveCfg = USB|Any CPU
		{1DC69027-B0D3-40B0-8CDF-5FE76F414A4E}.AppStore|ARM.Build.0 = USB|Any CPU
		{1DC69027-B0D3-40B0-8CDF-5FE76F414A4E}.AppStore|iPhone.ActiveCfg = USB|Any CPU
		{1DC69027-B0D3-40B0-8CDF-5FE76F414A4E}.AppStore|iPhone.Build.0 = USB|Any CPU
		{1DC69027-B0D3-40B0-8CDF-5FE76F414A4E}.AppStore|iPhoneSimulator.ActiveCfg = USB|Any CPU
		{1DC69027-B0D3-40B0-8CDF-5FE76F414A4E}.AppStore|iPhoneSimulator.Build.0 = USB|Any CPU
		{1DC69027-B0D3-40B0-8CDF-5FE76F414A4E}.AppStore|x64.ActiveCfg = USB|Any CPU
		{1DC69027-B0D3-40B0-8CDF-5FE76F414A4E}.AppStore|x64.Build.0 = USB|Any CPU
		{1DC69027-B0D3-40B0-8CDF-5FE76F414A4E}.AppStore|x86.ActiveCfg = USB|Any CPU
		{1DC69027-B0D3-40B0-8CDF-5FE76F414A4E}.AppStore|x86.Build.0 = USB|Any CPU
		{1DC69027-B0D3-40B0-8CDF-5FE76F414A4E}.Debug|Any CPU.ActiveCfg = Debug|Any CPU
		{1DC69027-B0D3-40B0-8CDF-5FE76F414A4E}.Debug|Any CPU.Build.0 = Debug|Any CPU
		{1DC69027-B0D3-40B0-8CDF-5FE76F414A4E}.Debug|ARM.ActiveCfg = Debug|Any CPU
		{1DC69027-B0D3-40B0-8CDF-5FE76F414A4E}.Debug|ARM.Build.0 = Debug|Any CPU
		{1DC69027-B0D3-40B0-8CDF-5FE76F414A4E}.Debug|iPhone.ActiveCfg = Debug|Any CPU
		{1DC69027-B0D3-40B0-8CDF-5FE76F414A4E}.Debug|iPhone.Build.0 = Debug|Any CPU
		{1DC69027-B0D3-40B0-8CDF-5FE76F414A4E}.Debug|iPhoneSimulator.ActiveCfg = Debug|Any CPU
		{1DC69027-B0D3-40B0-8CDF-5FE76F414A4E}.Debug|iPhoneSimulator.Build.0 = Debug|Any CPU
		{1DC69027-B0D3-40B0-8CDF-5FE76F414A4E}.Debug|x64.ActiveCfg = Debug|Any CPU
		{1DC69027-B0D3-40B0-8CDF-5FE76F414A4E}.Debug|x64.Build.0 = Debug|Any CPU
		{1DC69027-B0D3-40B0-8CDF-5FE76F414A4E}.Debug|x86.ActiveCfg = Debug|Any CPU
		{1DC69027-B0D3-40B0-8CDF-5FE76F414A4E}.Debug|x86.Build.0 = Debug|Any CPU
		{1DC69027-B0D3-40B0-8CDF-5FE76F414A4E}.Final|Any CPU.ActiveCfg = USB|Any CPU
		{1DC69027-B0D3-40B0-8CDF-5FE76F414A4E}.Final|Any CPU.Build.0 = USB|Any CPU
		{1DC69027-B0D3-40B0-8CDF-5FE76F414A4E}.Final|ARM.ActiveCfg = USB|Any CPU
		{1DC69027-B0D3-40B0-8CDF-5FE76F414A4E}.Final|ARM.Build.0 = USB|Any CPU
		{1DC69027-B0D3-40B0-8CDF-5FE76F414A4E}.Final|iPhone.ActiveCfg = USB|Any CPU
		{1DC69027-B0D3-40B0-8CDF-5FE76F414A4E}.Final|iPhone.Build.0 = USB|Any CPU
		{1DC69027-B0D3-40B0-8CDF-5FE76F414A4E}.Final|iPhoneSimulator.ActiveCfg = USB|Any CPU
		{1DC69027-B0D3-40B0-8CDF-5FE76F414A4E}.Final|iPhoneSimulator.Build.0 = USB|Any CPU
		{1DC69027-B0D3-40B0-8CDF-5FE76F414A4E}.Final|x64.ActiveCfg = USB|Any CPU
		{1DC69027-B0D3-40B0-8CDF-5FE76F414A4E}.Final|x64.Build.0 = USB|Any CPU
		{1DC69027-B0D3-40B0-8CDF-5FE76F414A4E}.Final|x86.ActiveCfg = USB|Any CPU
		{1DC69027-B0D3-40B0-8CDF-5FE76F414A4E}.Final|x86.Build.0 = USB|Any CPU
		{1DC69027-B0D3-40B0-8CDF-5FE76F414A4E}.Release|Any CPU.ActiveCfg = Release|Any CPU
		{1DC69027-B0D3-40B0-8CDF-5FE76F414A4E}.Release|Any CPU.Build.0 = Release|Any CPU
		{1DC69027-B0D3-40B0-8CDF-5FE76F414A4E}.Release|ARM.ActiveCfg = Release|Any CPU
		{1DC69027-B0D3-40B0-8CDF-5FE76F414A4E}.Release|ARM.Build.0 = Release|Any CPU
		{1DC69027-B0D3-40B0-8CDF-5FE76F414A4E}.Release|iPhone.ActiveCfg = Release|Any CPU
		{1DC69027-B0D3-40B0-8CDF-5FE76F414A4E}.Release|iPhone.Build.0 = Release|Any CPU
		{1DC69027-B0D3-40B0-8CDF-5FE76F414A4E}.Release|iPhoneSimulator.ActiveCfg = Release|Any CPU
		{1DC69027-B0D3-40B0-8CDF-5FE76F414A4E}.Release|iPhoneSimulator.Build.0 = Release|Any CPU
		{1DC69027-B0D3-40B0-8CDF-5FE76F414A4E}.Release|x64.ActiveCfg = Release|Any CPU
		{1DC69027-B0D3-40B0-8CDF-5FE76F414A4E}.Release|x64.Build.0 = Release|Any CPU
		{1DC69027-B0D3-40B0-8CDF-5FE76F414A4E}.Release|x86.ActiveCfg = Release|Any CPU
		{1DC69027-B0D3-40B0-8CDF-5FE76F414A4E}.Release|x86.Build.0 = Release|Any CPU
		{D2330654-A5C4-4F37-9EA3-2CD5B036F71B}.Ad-Hoc|Any CPU.ActiveCfg = USB|Any CPU
		{D2330654-A5C4-4F37-9EA3-2CD5B036F71B}.Ad-Hoc|Any CPU.Build.0 = USB|Any CPU
		{D2330654-A5C4-4F37-9EA3-2CD5B036F71B}.Ad-Hoc|Any CPU.Deploy.0 = USB|Any CPU
		{D2330654-A5C4-4F37-9EA3-2CD5B036F71B}.Ad-Hoc|ARM.ActiveCfg = USB|Any CPU
		{D2330654-A5C4-4F37-9EA3-2CD5B036F71B}.Ad-Hoc|ARM.Build.0 = USB|Any CPU
		{D2330654-A5C4-4F37-9EA3-2CD5B036F71B}.Ad-Hoc|ARM.Deploy.0 = USB|Any CPU
		{D2330654-A5C4-4F37-9EA3-2CD5B036F71B}.Ad-Hoc|iPhone.ActiveCfg = USB|Any CPU
		{D2330654-A5C4-4F37-9EA3-2CD5B036F71B}.Ad-Hoc|iPhone.Build.0 = USB|Any CPU
		{D2330654-A5C4-4F37-9EA3-2CD5B036F71B}.Ad-Hoc|iPhone.Deploy.0 = USB|Any CPU
		{D2330654-A5C4-4F37-9EA3-2CD5B036F71B}.Ad-Hoc|iPhoneSimulator.ActiveCfg = USB|Any CPU
		{D2330654-A5C4-4F37-9EA3-2CD5B036F71B}.Ad-Hoc|iPhoneSimulator.Build.0 = USB|Any CPU
		{D2330654-A5C4-4F37-9EA3-2CD5B036F71B}.Ad-Hoc|iPhoneSimulator.Deploy.0 = USB|Any CPU
		{D2330654-A5C4-4F37-9EA3-2CD5B036F71B}.Ad-Hoc|x64.ActiveCfg = USB|Any CPU
		{D2330654-A5C4-4F37-9EA3-2CD5B036F71B}.Ad-Hoc|x64.Build.0 = USB|Any CPU
		{D2330654-A5C4-4F37-9EA3-2CD5B036F71B}.Ad-Hoc|x64.Deploy.0 = USB|Any CPU
		{D2330654-A5C4-4F37-9EA3-2CD5B036F71B}.Ad-Hoc|x86.ActiveCfg = USB|Any CPU
		{D2330654-A5C4-4F37-9EA3-2CD5B036F71B}.Ad-Hoc|x86.Build.0 = USB|Any CPU
		{D2330654-A5C4-4F37-9EA3-2CD5B036F71B}.Ad-Hoc|x86.Deploy.0 = USB|Any CPU
		{D2330654-A5C4-4F37-9EA3-2CD5B036F71B}.AppStore|Any CPU.ActiveCfg = USB|Any CPU
		{D2330654-A5C4-4F37-9EA3-2CD5B036F71B}.AppStore|Any CPU.Build.0 = USB|Any CPU
		{D2330654-A5C4-4F37-9EA3-2CD5B036F71B}.AppStore|Any CPU.Deploy.0 = USB|Any CPU
		{D2330654-A5C4-4F37-9EA3-2CD5B036F71B}.AppStore|ARM.ActiveCfg = USB|Any CPU
		{D2330654-A5C4-4F37-9EA3-2CD5B036F71B}.AppStore|ARM.Build.0 = USB|Any CPU
		{D2330654-A5C4-4F37-9EA3-2CD5B036F71B}.AppStore|ARM.Deploy.0 = USB|Any CPU
		{D2330654-A5C4-4F37-9EA3-2CD5B036F71B}.AppStore|iPhone.ActiveCfg = USB|Any CPU
		{D2330654-A5C4-4F37-9EA3-2CD5B036F71B}.AppStore|iPhone.Build.0 = USB|Any CPU
		{D2330654-A5C4-4F37-9EA3-2CD5B036F71B}.AppStore|iPhone.Deploy.0 = USB|Any CPU
		{D2330654-A5C4-4F37-9EA3-2CD5B036F71B}.AppStore|iPhoneSimulator.ActiveCfg = USB|Any CPU
		{D2330654-A5C4-4F37-9EA3-2CD5B036F71B}.AppStore|iPhoneSimulator.Build.0 = USB|Any CPU
		{D2330654-A5C4-4F37-9EA3-2CD5B036F71B}.AppStore|iPhoneSimulator.Deploy.0 = USB|Any CPU
		{D2330654-A5C4-4F37-9EA3-2CD5B036F71B}.AppStore|x64.ActiveCfg = USB|Any CPU
		{D2330654-A5C4-4F37-9EA3-2CD5B036F71B}.AppStore|x64.Build.0 = USB|Any CPU
		{D2330654-A5C4-4F37-9EA3-2CD5B036F71B}.AppStore|x64.Deploy.0 = USB|Any CPU
		{D2330654-A5C4-4F37-9EA3-2CD5B036F71B}.AppStore|x86.ActiveCfg = USB|Any CPU
		{D2330654-A5C4-4F37-9EA3-2CD5B036F71B}.AppStore|x86.Build.0 = USB|Any CPU
		{D2330654-A5C4-4F37-9EA3-2CD5B036F71B}.AppStore|x86.Deploy.0 = USB|Any CPU
		{D2330654-A5C4-4F37-9EA3-2CD5B036F71B}.Debug|Any CPU.ActiveCfg = Debug|Any CPU
		{D2330654-A5C4-4F37-9EA3-2CD5B036F71B}.Debug|Any CPU.Build.0 = Debug|Any CPU
		{D2330654-A5C4-4F37-9EA3-2CD5B036F71B}.Debug|Any CPU.Deploy.0 = Debug|Any CPU
		{D2330654-A5C4-4F37-9EA3-2CD5B036F71B}.Debug|ARM.ActiveCfg = Debug|Any CPU
		{D2330654-A5C4-4F37-9EA3-2CD5B036F71B}.Debug|ARM.Build.0 = Debug|Any CPU
		{D2330654-A5C4-4F37-9EA3-2CD5B036F71B}.Debug|ARM.Deploy.0 = Debug|Any CPU
		{D2330654-A5C4-4F37-9EA3-2CD5B036F71B}.Debug|iPhone.ActiveCfg = Debug|Any CPU
		{D2330654-A5C4-4F37-9EA3-2CD5B036F71B}.Debug|iPhone.Build.0 = Debug|Any CPU
		{D2330654-A5C4-4F37-9EA3-2CD5B036F71B}.Debug|iPhone.Deploy.0 = Debug|Any CPU
		{D2330654-A5C4-4F37-9EA3-2CD5B036F71B}.Debug|iPhoneSimulator.ActiveCfg = Debug|Any CPU
		{D2330654-A5C4-4F37-9EA3-2CD5B036F71B}.Debug|iPhoneSimulator.Build.0 = Debug|Any CPU
		{D2330654-A5C4-4F37-9EA3-2CD5B036F71B}.Debug|iPhoneSimulator.Deploy.0 = Debug|Any CPU
		{D2330654-A5C4-4F37-9EA3-2CD5B036F71B}.Debug|x64.ActiveCfg = Debug|Any CPU
		{D2330654-A5C4-4F37-9EA3-2CD5B036F71B}.Debug|x64.Build.0 = Debug|Any CPU
		{D2330654-A5C4-4F37-9EA3-2CD5B036F71B}.Debug|x64.Deploy.0 = Debug|Any CPU
		{D2330654-A5C4-4F37-9EA3-2CD5B036F71B}.Debug|x86.ActiveCfg = Debug|Any CPU
		{D2330654-A5C4-4F37-9EA3-2CD5B036F71B}.Debug|x86.Build.0 = Debug|Any CPU
		{D2330654-A5C4-4F37-9EA3-2CD5B036F71B}.Debug|x86.Deploy.0 = Debug|Any CPU
		{D2330654-A5C4-4F37-9EA3-2CD5B036F71B}.Final|Any CPU.ActiveCfg = Debug|Any CPU
		{D2330654-A5C4-4F37-9EA3-2CD5B036F71B}.Final|Any CPU.Build.0 = Debug|Any CPU
		{D2330654-A5C4-4F37-9EA3-2CD5B036F71B}.Final|Any CPU.Deploy.0 = Debug|Any CPU
		{D2330654-A5C4-4F37-9EA3-2CD5B036F71B}.Final|ARM.ActiveCfg = USB|Any CPU
		{D2330654-A5C4-4F37-9EA3-2CD5B036F71B}.Final|ARM.Build.0 = USB|Any CPU
		{D2330654-A5C4-4F37-9EA3-2CD5B036F71B}.Final|ARM.Deploy.0 = USB|Any CPU
		{D2330654-A5C4-4F37-9EA3-2CD5B036F71B}.Final|iPhone.ActiveCfg = USB|Any CPU
		{D2330654-A5C4-4F37-9EA3-2CD5B036F71B}.Final|iPhone.Build.0 = USB|Any CPU
		{D2330654-A5C4-4F37-9EA3-2CD5B036F71B}.Final|iPhone.Deploy.0 = USB|Any CPU
		{D2330654-A5C4-4F37-9EA3-2CD5B036F71B}.Final|iPhoneSimulator.ActiveCfg = USB|Any CPU
		{D2330654-A5C4-4F37-9EA3-2CD5B036F71B}.Final|iPhoneSimulator.Build.0 = USB|Any CPU
		{D2330654-A5C4-4F37-9EA3-2CD5B036F71B}.Final|iPhoneSimulator.Deploy.0 = USB|Any CPU
		{D2330654-A5C4-4F37-9EA3-2CD5B036F71B}.Final|x64.ActiveCfg = USB|Any CPU
		{D2330654-A5C4-4F37-9EA3-2CD5B036F71B}.Final|x64.Build.0 = USB|Any CPU
		{D2330654-A5C4-4F37-9EA3-2CD5B036F71B}.Final|x64.Deploy.0 = USB|Any CPU
		{D2330654-A5C4-4F37-9EA3-2CD5B036F71B}.Final|x86.ActiveCfg = USB|Any CPU
		{D2330654-A5C4-4F37-9EA3-2CD5B036F71B}.Final|x86.Build.0 = USB|Any CPU
		{D2330654-A5C4-4F37-9EA3-2CD5B036F71B}.Final|x86.Deploy.0 = USB|Any CPU
		{D2330654-A5C4-4F37-9EA3-2CD5B036F71B}.Release|Any CPU.ActiveCfg = Release|Any CPU
		{D2330654-A5C4-4F37-9EA3-2CD5B036F71B}.Release|Any CPU.Build.0 = Release|Any CPU
		{D2330654-A5C4-4F37-9EA3-2CD5B036F71B}.Release|Any CPU.Deploy.0 = Release|Any CPU
		{D2330654-A5C4-4F37-9EA3-2CD5B036F71B}.Release|ARM.ActiveCfg = Release|Any CPU
		{D2330654-A5C4-4F37-9EA3-2CD5B036F71B}.Release|ARM.Build.0 = Release|Any CPU
		{D2330654-A5C4-4F37-9EA3-2CD5B036F71B}.Release|ARM.Deploy.0 = Release|Any CPU
		{D2330654-A5C4-4F37-9EA3-2CD5B036F71B}.Release|iPhone.ActiveCfg = Release|Any CPU
		{D2330654-A5C4-4F37-9EA3-2CD5B036F71B}.Release|iPhone.Build.0 = Release|Any CPU
		{D2330654-A5C4-4F37-9EA3-2CD5B036F71B}.Release|iPhone.Deploy.0 = Release|Any CPU
		{D2330654-A5C4-4F37-9EA3-2CD5B036F71B}.Release|iPhoneSimulator.ActiveCfg = Release|Any CPU
		{D2330654-A5C4-4F37-9EA3-2CD5B036F71B}.Release|iPhoneSimulator.Build.0 = Release|Any CPU
		{D2330654-A5C4-4F37-9EA3-2CD5B036F71B}.Release|iPhoneSimulator.Deploy.0 = Release|Any CPU
		{D2330654-A5C4-4F37-9EA3-2CD5B036F71B}.Release|x64.ActiveCfg = Release|Any CPU
		{D2330654-A5C4-4F37-9EA3-2CD5B036F71B}.Release|x64.Build.0 = Release|Any CPU
		{D2330654-A5C4-4F37-9EA3-2CD5B036F71B}.Release|x64.Deploy.0 = Release|Any CPU
		{D2330654-A5C4-4F37-9EA3-2CD5B036F71B}.Release|x86.ActiveCfg = Release|Any CPU
		{D2330654-A5C4-4F37-9EA3-2CD5B036F71B}.Release|x86.Build.0 = Release|Any CPU
		{D2330654-A5C4-4F37-9EA3-2CD5B036F71B}.Release|x86.Deploy.0 = Release|Any CPU
		{71D54D0F-014F-44B9-9848-73B202CBE648}.Ad-Hoc|Any CPU.ActiveCfg = Release|Any CPU
		{71D54D0F-014F-44B9-9848-73B202CBE648}.Ad-Hoc|Any CPU.Build.0 = Release|Any CPU
		{71D54D0F-014F-44B9-9848-73B202CBE648}.Ad-Hoc|ARM.ActiveCfg = Release|Any CPU
		{71D54D0F-014F-44B9-9848-73B202CBE648}.Ad-Hoc|ARM.Build.0 = Release|Any CPU
		{71D54D0F-014F-44B9-9848-73B202CBE648}.Ad-Hoc|iPhone.ActiveCfg = Release|Any CPU
		{71D54D0F-014F-44B9-9848-73B202CBE648}.Ad-Hoc|iPhone.Build.0 = Release|Any CPU
		{71D54D0F-014F-44B9-9848-73B202CBE648}.Ad-Hoc|iPhoneSimulator.ActiveCfg = Release|Any CPU
		{71D54D0F-014F-44B9-9848-73B202CBE648}.Ad-Hoc|iPhoneSimulator.Build.0 = Release|Any CPU
		{71D54D0F-014F-44B9-9848-73B202CBE648}.Ad-Hoc|x64.ActiveCfg = Release|Any CPU
		{71D54D0F-014F-44B9-9848-73B202CBE648}.Ad-Hoc|x64.Build.0 = Release|Any CPU
		{71D54D0F-014F-44B9-9848-73B202CBE648}.Ad-Hoc|x86.ActiveCfg = Release|Any CPU
		{71D54D0F-014F-44B9-9848-73B202CBE648}.Ad-Hoc|x86.Build.0 = Release|Any CPU
		{71D54D0F-014F-44B9-9848-73B202CBE648}.AppStore|Any CPU.ActiveCfg = Release|Any CPU
		{71D54D0F-014F-44B9-9848-73B202CBE648}.AppStore|Any CPU.Build.0 = Release|Any CPU
		{71D54D0F-014F-44B9-9848-73B202CBE648}.AppStore|ARM.ActiveCfg = Release|Any CPU
		{71D54D0F-014F-44B9-9848-73B202CBE648}.AppStore|ARM.Build.0 = Release|Any CPU
		{71D54D0F-014F-44B9-9848-73B202CBE648}.AppStore|iPhone.ActiveCfg = Release|Any CPU
		{71D54D0F-014F-44B9-9848-73B202CBE648}.AppStore|iPhone.Build.0 = Release|Any CPU
		{71D54D0F-014F-44B9-9848-73B202CBE648}.AppStore|iPhoneSimulator.ActiveCfg = Release|Any CPU
		{71D54D0F-014F-44B9-9848-73B202CBE648}.AppStore|iPhoneSimulator.Build.0 = Release|Any CPU
		{71D54D0F-014F-44B9-9848-73B202CBE648}.AppStore|x64.ActiveCfg = Release|Any CPU
		{71D54D0F-014F-44B9-9848-73B202CBE648}.AppStore|x64.Build.0 = Release|Any CPU
		{71D54D0F-014F-44B9-9848-73B202CBE648}.AppStore|x86.ActiveCfg = Release|Any CPU
		{71D54D0F-014F-44B9-9848-73B202CBE648}.AppStore|x86.Build.0 = Release|Any CPU
		{71D54D0F-014F-44B9-9848-73B202CBE648}.Debug|Any CPU.ActiveCfg = Debug|Any CPU
		{71D54D0F-014F-44B9-9848-73B202CBE648}.Debug|Any CPU.Build.0 = Debug|Any CPU
		{71D54D0F-014F-44B9-9848-73B202CBE648}.Debug|ARM.ActiveCfg = Debug|Any CPU
		{71D54D0F-014F-44B9-9848-73B202CBE648}.Debug|ARM.Build.0 = Debug|Any CPU
		{71D54D0F-014F-44B9-9848-73B202CBE648}.Debug|iPhone.ActiveCfg = Debug|Any CPU
		{71D54D0F-014F-44B9-9848-73B202CBE648}.Debug|iPhone.Build.0 = Debug|Any CPU
		{71D54D0F-014F-44B9-9848-73B202CBE648}.Debug|iPhoneSimulator.ActiveCfg = Debug|Any CPU
		{71D54D0F-014F-44B9-9848-73B202CBE648}.Debug|iPhoneSimulator.Build.0 = Debug|Any CPU
		{71D54D0F-014F-44B9-9848-73B202CBE648}.Debug|x64.ActiveCfg = Debug|Any CPU
		{71D54D0F-014F-44B9-9848-73B202CBE648}.Debug|x64.Build.0 = Debug|Any CPU
		{71D54D0F-014F-44B9-9848-73B202CBE648}.Debug|x86.ActiveCfg = Debug|Any CPU
		{71D54D0F-014F-44B9-9848-73B202CBE648}.Debug|x86.Build.0 = Debug|Any CPU
		{71D54D0F-014F-44B9-9848-73B202CBE648}.Final|Any CPU.ActiveCfg = Debug|Any CPU
		{71D54D0F-014F-44B9-9848-73B202CBE648}.Final|Any CPU.Build.0 = Debug|Any CPU
		{71D54D0F-014F-44B9-9848-73B202CBE648}.Final|ARM.ActiveCfg = Release|Any CPU
		{71D54D0F-014F-44B9-9848-73B202CBE648}.Final|ARM.Build.0 = Release|Any CPU
		{71D54D0F-014F-44B9-9848-73B202CBE648}.Final|iPhone.ActiveCfg = Release|Any CPU
		{71D54D0F-014F-44B9-9848-73B202CBE648}.Final|iPhone.Build.0 = Release|Any CPU
		{71D54D0F-014F-44B9-9848-73B202CBE648}.Final|iPhoneSimulator.ActiveCfg = Release|Any CPU
		{71D54D0F-014F-44B9-9848-73B202CBE648}.Final|iPhoneSimulator.Build.0 = Release|Any CPU
		{71D54D0F-014F-44B9-9848-73B202CBE648}.Final|x64.ActiveCfg = Release|Any CPU
		{71D54D0F-014F-44B9-9848-73B202CBE648}.Final|x64.Build.0 = Release|Any CPU
		{71D54D0F-014F-44B9-9848-73B202CBE648}.Final|x86.ActiveCfg = Release|Any CPU
		{71D54D0F-014F-44B9-9848-73B202CBE648}.Final|x86.Build.0 = Release|Any CPU
		{71D54D0F-014F-44B9-9848-73B202CBE648}.Release|Any CPU.ActiveCfg = Release|Any CPU
		{71D54D0F-014F-44B9-9848-73B202CBE648}.Release|Any CPU.Build.0 = Release|Any CPU
		{71D54D0F-014F-44B9-9848-73B202CBE648}.Release|ARM.ActiveCfg = Release|Any CPU
		{71D54D0F-014F-44B9-9848-73B202CBE648}.Release|ARM.Build.0 = Release|Any CPU
		{71D54D0F-014F-44B9-9848-73B202CBE648}.Release|iPhone.ActiveCfg = Release|Any CPU
		{71D54D0F-014F-44B9-9848-73B202CBE648}.Release|iPhone.Build.0 = Release|Any CPU
		{71D54D0F-014F-44B9-9848-73B202CBE648}.Release|iPhoneSimulator.ActiveCfg = Release|Any CPU
		{71D54D0F-014F-44B9-9848-73B202CBE648}.Release|iPhoneSimulator.Build.0 = Release|Any CPU
		{71D54D0F-014F-44B9-9848-73B202CBE648}.Release|x64.ActiveCfg = Release|Any CPU
		{71D54D0F-014F-44B9-9848-73B202CBE648}.Release|x64.Build.0 = Release|Any CPU
		{71D54D0F-014F-44B9-9848-73B202CBE648}.Release|x86.ActiveCfg = Release|Any CPU
		{71D54D0F-014F-44B9-9848-73B202CBE648}.Release|x86.Build.0 = Release|Any CPU
		{011117DA-DA25-41BE-8141-8F185D90B5F9}.Ad-Hoc|Any CPU.ActiveCfg = Release|Any CPU
		{011117DA-DA25-41BE-8141-8F185D90B5F9}.Ad-Hoc|Any CPU.Build.0 = Release|Any CPU
		{011117DA-DA25-41BE-8141-8F185D90B5F9}.Ad-Hoc|ARM.ActiveCfg = Release|Any CPU
		{011117DA-DA25-41BE-8141-8F185D90B5F9}.Ad-Hoc|ARM.Build.0 = Release|Any CPU
		{011117DA-DA25-41BE-8141-8F185D90B5F9}.Ad-Hoc|iPhone.ActiveCfg = Release|Any CPU
		{011117DA-DA25-41BE-8141-8F185D90B5F9}.Ad-Hoc|iPhone.Build.0 = Release|Any CPU
		{011117DA-DA25-41BE-8141-8F185D90B5F9}.Ad-Hoc|iPhoneSimulator.ActiveCfg = Release|Any CPU
		{011117DA-DA25-41BE-8141-8F185D90B5F9}.Ad-Hoc|iPhoneSimulator.Build.0 = Release|Any CPU
		{011117DA-DA25-41BE-8141-8F185D90B5F9}.Ad-Hoc|x64.ActiveCfg = Release|Any CPU
		{011117DA-DA25-41BE-8141-8F185D90B5F9}.Ad-Hoc|x64.Build.0 = Release|Any CPU
		{011117DA-DA25-41BE-8141-8F185D90B5F9}.Ad-Hoc|x86.ActiveCfg = Release|Any CPU
		{011117DA-DA25-41BE-8141-8F185D90B5F9}.Ad-Hoc|x86.Build.0 = Release|Any CPU
		{011117DA-DA25-41BE-8141-8F185D90B5F9}.AppStore|Any CPU.ActiveCfg = Release|Any CPU
		{011117DA-DA25-41BE-8141-8F185D90B5F9}.AppStore|Any CPU.Build.0 = Release|Any CPU
		{011117DA-DA25-41BE-8141-8F185D90B5F9}.AppStore|ARM.ActiveCfg = Release|Any CPU
		{011117DA-DA25-41BE-8141-8F185D90B5F9}.AppStore|ARM.Build.0 = Release|Any CPU
		{011117DA-DA25-41BE-8141-8F185D90B5F9}.AppStore|iPhone.ActiveCfg = Release|Any CPU
		{011117DA-DA25-41BE-8141-8F185D90B5F9}.AppStore|iPhone.Build.0 = Release|Any CPU
		{011117DA-DA25-41BE-8141-8F185D90B5F9}.AppStore|iPhoneSimulator.ActiveCfg = Release|Any CPU
		{011117DA-DA25-41BE-8141-8F185D90B5F9}.AppStore|iPhoneSimulator.Build.0 = Release|Any CPU
		{011117DA-DA25-41BE-8141-8F185D90B5F9}.AppStore|x64.ActiveCfg = Release|Any CPU
		{011117DA-DA25-41BE-8141-8F185D90B5F9}.AppStore|x64.Build.0 = Release|Any CPU
		{011117DA-DA25-41BE-8141-8F185D90B5F9}.AppStore|x86.ActiveCfg = Release|Any CPU
		{011117DA-DA25-41BE-8141-8F185D90B5F9}.AppStore|x86.Build.0 = Release|Any CPU
		{011117DA-DA25-41BE-8141-8F185D90B5F9}.Debug|Any CPU.ActiveCfg = Debug|Any CPU
		{011117DA-DA25-41BE-8141-8F185D90B5F9}.Debug|Any CPU.Build.0 = Debug|Any CPU
		{011117DA-DA25-41BE-8141-8F185D90B5F9}.Debug|ARM.ActiveCfg = Debug|Any CPU
		{011117DA-DA25-41BE-8141-8F185D90B5F9}.Debug|ARM.Build.0 = Debug|Any CPU
		{011117DA-DA25-41BE-8141-8F185D90B5F9}.Debug|iPhone.ActiveCfg = Debug|Any CPU
		{011117DA-DA25-41BE-8141-8F185D90B5F9}.Debug|iPhone.Build.0 = Debug|Any CPU
		{011117DA-DA25-41BE-8141-8F185D90B5F9}.Debug|iPhoneSimulator.ActiveCfg = Debug|Any CPU
		{011117DA-DA25-41BE-8141-8F185D90B5F9}.Debug|iPhoneSimulator.Build.0 = Debug|Any CPU
		{011117DA-DA25-41BE-8141-8F185D90B5F9}.Debug|x64.ActiveCfg = Debug|Any CPU
		{011117DA-DA25-41BE-8141-8F185D90B5F9}.Debug|x64.Build.0 = Debug|Any CPU
		{011117DA-DA25-41BE-8141-8F185D90B5F9}.Debug|x86.ActiveCfg = Debug|Any CPU
		{011117DA-DA25-41BE-8141-8F185D90B5F9}.Debug|x86.Build.0 = Debug|Any CPU
		{011117DA-DA25-41BE-8141-8F185D90B5F9}.Final|Any CPU.ActiveCfg = Release|Any CPU
		{011117DA-DA25-41BE-8141-8F185D90B5F9}.Final|Any CPU.Build.0 = Release|Any CPU
		{011117DA-DA25-41BE-8141-8F185D90B5F9}.Final|ARM.ActiveCfg = Release|Any CPU
		{011117DA-DA25-41BE-8141-8F185D90B5F9}.Final|ARM.Build.0 = Release|Any CPU
		{011117DA-DA25-41BE-8141-8F185D90B5F9}.Final|iPhone.ActiveCfg = Release|Any CPU
		{011117DA-DA25-41BE-8141-8F185D90B5F9}.Final|iPhone.Build.0 = Release|Any CPU
		{011117DA-DA25-41BE-8141-8F185D90B5F9}.Final|iPhoneSimulator.ActiveCfg = Release|Any CPU
		{011117DA-DA25-41BE-8141-8F185D90B5F9}.Final|iPhoneSimulator.Build.0 = Release|Any CPU
		{011117DA-DA25-41BE-8141-8F185D90B5F9}.Final|x64.ActiveCfg = Release|Any CPU
		{011117DA-DA25-41BE-8141-8F185D90B5F9}.Final|x64.Build.0 = Release|Any CPU
		{011117DA-DA25-41BE-8141-8F185D90B5F9}.Final|x86.ActiveCfg = Release|Any CPU
		{011117DA-DA25-41BE-8141-8F185D90B5F9}.Final|x86.Build.0 = Release|Any CPU
		{011117DA-DA25-41BE-8141-8F185D90B5F9}.Release|Any CPU.ActiveCfg = Release|Any CPU
		{011117DA-DA25-41BE-8141-8F185D90B5F9}.Release|Any CPU.Build.0 = Release|Any CPU
		{011117DA-DA25-41BE-8141-8F185D90B5F9}.Release|ARM.ActiveCfg = Release|Any CPU
		{011117DA-DA25-41BE-8141-8F185D90B5F9}.Release|ARM.Build.0 = Release|Any CPU
		{011117DA-DA25-41BE-8141-8F185D90B5F9}.Release|iPhone.ActiveCfg = Release|Any CPU
		{011117DA-DA25-41BE-8141-8F185D90B5F9}.Release|iPhone.Build.0 = Release|Any CPU
		{011117DA-DA25-41BE-8141-8F185D90B5F9}.Release|iPhoneSimulator.ActiveCfg = Release|Any CPU
		{011117DA-DA25-41BE-8141-8F185D90B5F9}.Release|iPhoneSimulator.Build.0 = Release|Any CPU
		{011117DA-DA25-41BE-8141-8F185D90B5F9}.Release|x64.ActiveCfg = Release|Any CPU
		{011117DA-DA25-41BE-8141-8F185D90B5F9}.Release|x64.Build.0 = Release|Any CPU
		{011117DA-DA25-41BE-8141-8F185D90B5F9}.Release|x86.ActiveCfg = Release|Any CPU
		{011117DA-DA25-41BE-8141-8F185D90B5F9}.Release|x86.Build.0 = Release|Any CPU
		{8D2BCA36-6974-45BB-AE4A-032AFE27E7AC}.Ad-Hoc|Any CPU.ActiveCfg = Release|Any CPU
		{8D2BCA36-6974-45BB-AE4A-032AFE27E7AC}.Ad-Hoc|Any CPU.Build.0 = Release|Any CPU
		{8D2BCA36-6974-45BB-AE4A-032AFE27E7AC}.Ad-Hoc|Any CPU.Deploy.0 = Release|Any CPU
		{8D2BCA36-6974-45BB-AE4A-032AFE27E7AC}.Ad-Hoc|ARM.ActiveCfg = Release|Any CPU
		{8D2BCA36-6974-45BB-AE4A-032AFE27E7AC}.Ad-Hoc|ARM.Build.0 = Release|Any CPU
		{8D2BCA36-6974-45BB-AE4A-032AFE27E7AC}.Ad-Hoc|ARM.Deploy.0 = Release|Any CPU
		{8D2BCA36-6974-45BB-AE4A-032AFE27E7AC}.Ad-Hoc|iPhone.ActiveCfg = Release|Any CPU
		{8D2BCA36-6974-45BB-AE4A-032AFE27E7AC}.Ad-Hoc|iPhone.Build.0 = Release|Any CPU
		{8D2BCA36-6974-45BB-AE4A-032AFE27E7AC}.Ad-Hoc|iPhone.Deploy.0 = Release|Any CPU
		{8D2BCA36-6974-45BB-AE4A-032AFE27E7AC}.Ad-Hoc|iPhoneSimulator.ActiveCfg = Release|Any CPU
		{8D2BCA36-6974-45BB-AE4A-032AFE27E7AC}.Ad-Hoc|iPhoneSimulator.Build.0 = Release|Any CPU
		{8D2BCA36-6974-45BB-AE4A-032AFE27E7AC}.Ad-Hoc|iPhoneSimulator.Deploy.0 = Release|Any CPU
		{8D2BCA36-6974-45BB-AE4A-032AFE27E7AC}.Ad-Hoc|x64.ActiveCfg = Release|Any CPU
		{8D2BCA36-6974-45BB-AE4A-032AFE27E7AC}.Ad-Hoc|x64.Build.0 = Release|Any CPU
		{8D2BCA36-6974-45BB-AE4A-032AFE27E7AC}.Ad-Hoc|x64.Deploy.0 = Release|Any CPU
		{8D2BCA36-6974-45BB-AE4A-032AFE27E7AC}.Ad-Hoc|x86.ActiveCfg = Release|Any CPU
		{8D2BCA36-6974-45BB-AE4A-032AFE27E7AC}.Ad-Hoc|x86.Build.0 = Release|Any CPU
		{8D2BCA36-6974-45BB-AE4A-032AFE27E7AC}.Ad-Hoc|x86.Deploy.0 = Release|Any CPU
		{8D2BCA36-6974-45BB-AE4A-032AFE27E7AC}.AppStore|Any CPU.ActiveCfg = Release|Any CPU
		{8D2BCA36-6974-45BB-AE4A-032AFE27E7AC}.AppStore|Any CPU.Build.0 = Release|Any CPU
		{8D2BCA36-6974-45BB-AE4A-032AFE27E7AC}.AppStore|Any CPU.Deploy.0 = Release|Any CPU
		{8D2BCA36-6974-45BB-AE4A-032AFE27E7AC}.AppStore|ARM.ActiveCfg = Release|Any CPU
		{8D2BCA36-6974-45BB-AE4A-032AFE27E7AC}.AppStore|ARM.Build.0 = Release|Any CPU
		{8D2BCA36-6974-45BB-AE4A-032AFE27E7AC}.AppStore|ARM.Deploy.0 = Release|Any CPU
		{8D2BCA36-6974-45BB-AE4A-032AFE27E7AC}.AppStore|iPhone.ActiveCfg = Release|Any CPU
		{8D2BCA36-6974-45BB-AE4A-032AFE27E7AC}.AppStore|iPhone.Build.0 = Release|Any CPU
		{8D2BCA36-6974-45BB-AE4A-032AFE27E7AC}.AppStore|iPhone.Deploy.0 = Release|Any CPU
		{8D2BCA36-6974-45BB-AE4A-032AFE27E7AC}.AppStore|iPhoneSimulator.ActiveCfg = Release|Any CPU
		{8D2BCA36-6974-45BB-AE4A-032AFE27E7AC}.AppStore|iPhoneSimulator.Build.0 = Release|Any CPU
		{8D2BCA36-6974-45BB-AE4A-032AFE27E7AC}.AppStore|iPhoneSimulator.Deploy.0 = Release|Any CPU
		{8D2BCA36-6974-45BB-AE4A-032AFE27E7AC}.AppStore|x64.ActiveCfg = Release|Any CPU
		{8D2BCA36-6974-45BB-AE4A-032AFE27E7AC}.AppStore|x64.Build.0 = Release|Any CPU
		{8D2BCA36-6974-45BB-AE4A-032AFE27E7AC}.AppStore|x64.Deploy.0 = Release|Any CPU
		{8D2BCA36-6974-45BB-AE4A-032AFE27E7AC}.AppStore|x86.ActiveCfg = Release|Any CPU
		{8D2BCA36-6974-45BB-AE4A-032AFE27E7AC}.AppStore|x86.Build.0 = Release|Any CPU
		{8D2BCA36-6974-45BB-AE4A-032AFE27E7AC}.AppStore|x86.Deploy.0 = Release|Any CPU
		{8D2BCA36-6974-45BB-AE4A-032AFE27E7AC}.Debug|Any CPU.ActiveCfg = Debug|Any CPU
		{8D2BCA36-6974-45BB-AE4A-032AFE27E7AC}.Debug|Any CPU.Build.0 = Debug|Any CPU
		{8D2BCA36-6974-45BB-AE4A-032AFE27E7AC}.Debug|Any CPU.Deploy.0 = Debug|Any CPU
		{8D2BCA36-6974-45BB-AE4A-032AFE27E7AC}.Debug|ARM.ActiveCfg = Debug|Any CPU
		{8D2BCA36-6974-45BB-AE4A-032AFE27E7AC}.Debug|ARM.Build.0 = Debug|Any CPU
		{8D2BCA36-6974-45BB-AE4A-032AFE27E7AC}.Debug|ARM.Deploy.0 = Debug|Any CPU
		{8D2BCA36-6974-45BB-AE4A-032AFE27E7AC}.Debug|iPhone.ActiveCfg = Debug|Any CPU
		{8D2BCA36-6974-45BB-AE4A-032AFE27E7AC}.Debug|iPhone.Build.0 = Debug|Any CPU
		{8D2BCA36-6974-45BB-AE4A-032AFE27E7AC}.Debug|iPhone.Deploy.0 = Debug|Any CPU
		{8D2BCA36-6974-45BB-AE4A-032AFE27E7AC}.Debug|iPhoneSimulator.ActiveCfg = Debug|Any CPU
		{8D2BCA36-6974-45BB-AE4A-032AFE27E7AC}.Debug|iPhoneSimulator.Build.0 = Debug|Any CPU
		{8D2BCA36-6974-45BB-AE4A-032AFE27E7AC}.Debug|iPhoneSimulator.Deploy.0 = Debug|Any CPU
		{8D2BCA36-6974-45BB-AE4A-032AFE27E7AC}.Debug|x64.ActiveCfg = Debug|Any CPU
		{8D2BCA36-6974-45BB-AE4A-032AFE27E7AC}.Debug|x64.Build.0 = Debug|Any CPU
		{8D2BCA36-6974-45BB-AE4A-032AFE27E7AC}.Debug|x64.Deploy.0 = Debug|Any CPU
		{8D2BCA36-6974-45BB-AE4A-032AFE27E7AC}.Debug|x86.ActiveCfg = Debug|Any CPU
		{8D2BCA36-6974-45BB-AE4A-032AFE27E7AC}.Debug|x86.Build.0 = Debug|Any CPU
		{8D2BCA36-6974-45BB-AE4A-032AFE27E7AC}.Debug|x86.Deploy.0 = Debug|Any CPU
		{8D2BCA36-6974-45BB-AE4A-032AFE27E7AC}.Final|Any CPU.ActiveCfg = Debug|Any CPU
		{8D2BCA36-6974-45BB-AE4A-032AFE27E7AC}.Final|Any CPU.Build.0 = Debug|Any CPU
		{8D2BCA36-6974-45BB-AE4A-032AFE27E7AC}.Final|Any CPU.Deploy.0 = Debug|Any CPU
		{8D2BCA36-6974-45BB-AE4A-032AFE27E7AC}.Final|ARM.ActiveCfg = Release|Any CPU
		{8D2BCA36-6974-45BB-AE4A-032AFE27E7AC}.Final|ARM.Build.0 = Release|Any CPU
		{8D2BCA36-6974-45BB-AE4A-032AFE27E7AC}.Final|ARM.Deploy.0 = Release|Any CPU
		{8D2BCA36-6974-45BB-AE4A-032AFE27E7AC}.Final|iPhone.ActiveCfg = Release|Any CPU
		{8D2BCA36-6974-45BB-AE4A-032AFE27E7AC}.Final|iPhone.Build.0 = Release|Any CPU
		{8D2BCA36-6974-45BB-AE4A-032AFE27E7AC}.Final|iPhone.Deploy.0 = Release|Any CPU
		{8D2BCA36-6974-45BB-AE4A-032AFE27E7AC}.Final|iPhoneSimulator.ActiveCfg = Release|Any CPU
		{8D2BCA36-6974-45BB-AE4A-032AFE27E7AC}.Final|iPhoneSimulator.Build.0 = Release|Any CPU
		{8D2BCA36-6974-45BB-AE4A-032AFE27E7AC}.Final|iPhoneSimulator.Deploy.0 = Release|Any CPU
		{8D2BCA36-6974-45BB-AE4A-032AFE27E7AC}.Final|x64.ActiveCfg = Release|Any CPU
		{8D2BCA36-6974-45BB-AE4A-032AFE27E7AC}.Final|x64.Build.0 = Release|Any CPU
		{8D2BCA36-6974-45BB-AE4A-032AFE27E7AC}.Final|x64.Deploy.0 = Release|Any CPU
		{8D2BCA36-6974-45BB-AE4A-032AFE27E7AC}.Final|x86.ActiveCfg = Release|Any CPU
		{8D2BCA36-6974-45BB-AE4A-032AFE27E7AC}.Final|x86.Build.0 = Release|Any CPU
		{8D2BCA36-6974-45BB-AE4A-032AFE27E7AC}.Final|x86.Deploy.0 = Release|Any CPU
		{8D2BCA36-6974-45BB-AE4A-032AFE27E7AC}.Release|Any CPU.ActiveCfg = Release|Any CPU
		{8D2BCA36-6974-45BB-AE4A-032AFE27E7AC}.Release|Any CPU.Build.0 = Release|Any CPU
		{8D2BCA36-6974-45BB-AE4A-032AFE27E7AC}.Release|Any CPU.Deploy.0 = Release|Any CPU
		{8D2BCA36-6974-45BB-AE4A-032AFE27E7AC}.Release|ARM.ActiveCfg = Release|Any CPU
		{8D2BCA36-6974-45BB-AE4A-032AFE27E7AC}.Release|ARM.Build.0 = Release|Any CPU
		{8D2BCA36-6974-45BB-AE4A-032AFE27E7AC}.Release|ARM.Deploy.0 = Release|Any CPU
		{8D2BCA36-6974-45BB-AE4A-032AFE27E7AC}.Release|iPhone.ActiveCfg = Release|Any CPU
		{8D2BCA36-6974-45BB-AE4A-032AFE27E7AC}.Release|iPhone.Build.0 = Release|Any CPU
		{8D2BCA36-6974-45BB-AE4A-032AFE27E7AC}.Release|iPhone.Deploy.0 = Release|Any CPU
		{8D2BCA36-6974-45BB-AE4A-032AFE27E7AC}.Release|iPhoneSimulator.ActiveCfg = Release|Any CPU
		{8D2BCA36-6974-45BB-AE4A-032AFE27E7AC}.Release|iPhoneSimulator.Build.0 = Release|Any CPU
		{8D2BCA36-6974-45BB-AE4A-032AFE27E7AC}.Release|iPhoneSimulator.Deploy.0 = Release|Any CPU
		{8D2BCA36-6974-45BB-AE4A-032AFE27E7AC}.Release|x64.ActiveCfg = Release|Any CPU
		{8D2BCA36-6974-45BB-AE4A-032AFE27E7AC}.Release|x64.Build.0 = Release|Any CPU
		{8D2BCA36-6974-45BB-AE4A-032AFE27E7AC}.Release|x64.Deploy.0 = Release|Any CPU
		{8D2BCA36-6974-45BB-AE4A-032AFE27E7AC}.Release|x86.ActiveCfg = Release|Any CPU
		{8D2BCA36-6974-45BB-AE4A-032AFE27E7AC}.Release|x86.Build.0 = Release|Any CPU
		{8D2BCA36-6974-45BB-AE4A-032AFE27E7AC}.Release|x86.Deploy.0 = Release|Any CPU
		{CE66F1C9-EE1C-465D-9B12-091B35C94726}.Ad-Hoc|Any CPU.ActiveCfg = Release|Any CPU
		{CE66F1C9-EE1C-465D-9B12-091B35C94726}.Ad-Hoc|Any CPU.Build.0 = Release|Any CPU
		{CE66F1C9-EE1C-465D-9B12-091B35C94726}.Ad-Hoc|ARM.ActiveCfg = Release|Any CPU
		{CE66F1C9-EE1C-465D-9B12-091B35C94726}.Ad-Hoc|ARM.Build.0 = Release|Any CPU
		{CE66F1C9-EE1C-465D-9B12-091B35C94726}.Ad-Hoc|iPhone.ActiveCfg = Release|Any CPU
		{CE66F1C9-EE1C-465D-9B12-091B35C94726}.Ad-Hoc|iPhone.Build.0 = Release|Any CPU
		{CE66F1C9-EE1C-465D-9B12-091B35C94726}.Ad-Hoc|iPhoneSimulator.ActiveCfg = Release|Any CPU
		{CE66F1C9-EE1C-465D-9B12-091B35C94726}.Ad-Hoc|iPhoneSimulator.Build.0 = Release|Any CPU
		{CE66F1C9-EE1C-465D-9B12-091B35C94726}.Ad-Hoc|x64.ActiveCfg = Release|Any CPU
		{CE66F1C9-EE1C-465D-9B12-091B35C94726}.Ad-Hoc|x64.Build.0 = Release|Any CPU
		{CE66F1C9-EE1C-465D-9B12-091B35C94726}.Ad-Hoc|x86.ActiveCfg = Release|Any CPU
		{CE66F1C9-EE1C-465D-9B12-091B35C94726}.Ad-Hoc|x86.Build.0 = Release|Any CPU
		{CE66F1C9-EE1C-465D-9B12-091B35C94726}.AppStore|Any CPU.ActiveCfg = Release|Any CPU
		{CE66F1C9-EE1C-465D-9B12-091B35C94726}.AppStore|Any CPU.Build.0 = Release|Any CPU
		{CE66F1C9-EE1C-465D-9B12-091B35C94726}.AppStore|ARM.ActiveCfg = Release|Any CPU
		{CE66F1C9-EE1C-465D-9B12-091B35C94726}.AppStore|ARM.Build.0 = Release|Any CPU
		{CE66F1C9-EE1C-465D-9B12-091B35C94726}.AppStore|iPhone.ActiveCfg = Release|Any CPU
		{CE66F1C9-EE1C-465D-9B12-091B35C94726}.AppStore|iPhone.Build.0 = Release|Any CPU
		{CE66F1C9-EE1C-465D-9B12-091B35C94726}.AppStore|iPhoneSimulator.ActiveCfg = Release|Any CPU
		{CE66F1C9-EE1C-465D-9B12-091B35C94726}.AppStore|iPhoneSimulator.Build.0 = Release|Any CPU
		{CE66F1C9-EE1C-465D-9B12-091B35C94726}.AppStore|x64.ActiveCfg = Release|Any CPU
		{CE66F1C9-EE1C-465D-9B12-091B35C94726}.AppStore|x64.Build.0 = Release|Any CPU
		{CE66F1C9-EE1C-465D-9B12-091B35C94726}.AppStore|x86.ActiveCfg = Release|Any CPU
		{CE66F1C9-EE1C-465D-9B12-091B35C94726}.AppStore|x86.Build.0 = Release|Any CPU
		{CE66F1C9-EE1C-465D-9B12-091B35C94726}.Debug|Any CPU.ActiveCfg = Debug|Any CPU
		{CE66F1C9-EE1C-465D-9B12-091B35C94726}.Debug|Any CPU.Build.0 = Debug|Any CPU
		{CE66F1C9-EE1C-465D-9B12-091B35C94726}.Debug|ARM.ActiveCfg = Debug|Any CPU
		{CE66F1C9-EE1C-465D-9B12-091B35C94726}.Debug|ARM.Build.0 = Debug|Any CPU
		{CE66F1C9-EE1C-465D-9B12-091B35C94726}.Debug|iPhone.ActiveCfg = Debug|Any CPU
		{CE66F1C9-EE1C-465D-9B12-091B35C94726}.Debug|iPhone.Build.0 = Debug|Any CPU
		{CE66F1C9-EE1C-465D-9B12-091B35C94726}.Debug|iPhoneSimulator.ActiveCfg = Debug|Any CPU
		{CE66F1C9-EE1C-465D-9B12-091B35C94726}.Debug|iPhoneSimulator.Build.0 = Debug|Any CPU
		{CE66F1C9-EE1C-465D-9B12-091B35C94726}.Debug|x64.ActiveCfg = Debug|Any CPU
		{CE66F1C9-EE1C-465D-9B12-091B35C94726}.Debug|x64.Build.0 = Debug|Any CPU
		{CE66F1C9-EE1C-465D-9B12-091B35C94726}.Debug|x86.ActiveCfg = Debug|Any CPU
		{CE66F1C9-EE1C-465D-9B12-091B35C94726}.Debug|x86.Build.0 = Debug|Any CPU
		{CE66F1C9-EE1C-465D-9B12-091B35C94726}.Final|Any CPU.ActiveCfg = USB|Any CPU
		{CE66F1C9-EE1C-465D-9B12-091B35C94726}.Final|Any CPU.Build.0 = USB|Any CPU
		{CE66F1C9-EE1C-465D-9B12-091B35C94726}.Final|ARM.ActiveCfg = Release|Any CPU
		{CE66F1C9-EE1C-465D-9B12-091B35C94726}.Final|ARM.Build.0 = Release|Any CPU
		{CE66F1C9-EE1C-465D-9B12-091B35C94726}.Final|iPhone.ActiveCfg = Release|Any CPU
		{CE66F1C9-EE1C-465D-9B12-091B35C94726}.Final|iPhone.Build.0 = Release|Any CPU
		{CE66F1C9-EE1C-465D-9B12-091B35C94726}.Final|iPhoneSimulator.ActiveCfg = Release|Any CPU
		{CE66F1C9-EE1C-465D-9B12-091B35C94726}.Final|iPhoneSimulator.Build.0 = Release|Any CPU
		{CE66F1C9-EE1C-465D-9B12-091B35C94726}.Final|x64.ActiveCfg = Release|Any CPU
		{CE66F1C9-EE1C-465D-9B12-091B35C94726}.Final|x64.Build.0 = Release|Any CPU
		{CE66F1C9-EE1C-465D-9B12-091B35C94726}.Final|x86.ActiveCfg = Release|Any CPU
		{CE66F1C9-EE1C-465D-9B12-091B35C94726}.Final|x86.Build.0 = Release|Any CPU
		{CE66F1C9-EE1C-465D-9B12-091B35C94726}.Release|Any CPU.ActiveCfg = Release|Any CPU
		{CE66F1C9-EE1C-465D-9B12-091B35C94726}.Release|Any CPU.Build.0 = Release|Any CPU
		{CE66F1C9-EE1C-465D-9B12-091B35C94726}.Release|ARM.ActiveCfg = Release|Any CPU
		{CE66F1C9-EE1C-465D-9B12-091B35C94726}.Release|ARM.Build.0 = Release|Any CPU
		{CE66F1C9-EE1C-465D-9B12-091B35C94726}.Release|iPhone.ActiveCfg = Release|Any CPU
		{CE66F1C9-EE1C-465D-9B12-091B35C94726}.Release|iPhone.Build.0 = Release|Any CPU
		{CE66F1C9-EE1C-465D-9B12-091B35C94726}.Release|iPhoneSimulator.ActiveCfg = Release|Any CPU
		{CE66F1C9-EE1C-465D-9B12-091B35C94726}.Release|iPhoneSimulator.Build.0 = Release|Any CPU
		{CE66F1C9-EE1C-465D-9B12-091B35C94726}.Release|x64.ActiveCfg = Release|Any CPU
		{CE66F1C9-EE1C-465D-9B12-091B35C94726}.Release|x64.Build.0 = Release|Any CPU
		{CE66F1C9-EE1C-465D-9B12-091B35C94726}.Release|x86.ActiveCfg = Release|Any CPU
		{CE66F1C9-EE1C-465D-9B12-091B35C94726}.Release|x86.Build.0 = Release|Any CPU
	EndGlobalSection
	GlobalSection(SolutionProperties) = preSolution
		HideSolutionNode = FALSE
	EndGlobalSection
	GlobalSection(NestedProjects) = preSolution
		{7081247A-6B15-41C2-A179-753714036692} = {D089E031-F701-445C-B963-0D2099FEF897}
		{1DC69027-B0D3-40B0-8CDF-5FE76F414A4E} = {D089E031-F701-445C-B963-0D2099FEF897}
		{D2330654-A5C4-4F37-9EA3-2CD5B036F71B} = {0D612E3F-495B-4581-89C7-52902D5E33A4}
		{71D54D0F-014F-44B9-9848-73B202CBE648} = {0D612E3F-495B-4581-89C7-52902D5E33A4}
		{011117DA-DA25-41BE-8141-8F185D90B5F9} = {A4B4813E-DE50-41F0-AF3C-CBAF9E94549F}
		{8D2BCA36-6974-45BB-AE4A-032AFE27E7AC} = {0D612E3F-495B-4581-89C7-52902D5E33A4}
		{CE66F1C9-EE1C-465D-9B12-091B35C94726} = {D089E031-F701-445C-B963-0D2099FEF897}
	EndGlobalSection
	GlobalSection(ExtensibilityGlobals) = postSolution
		SolutionGuid = {59446886-01E5-417A-8606-7D2576DB451D}
	EndGlobalSection
EndGlobal
